# THIS IS AN AUTOGENERATED FILE. DO NOT EDIT THIS FILE DIRECTLY.
# yarn lockfile v1


pnpm@^7.11.0:
  version "7.11.0"
  resolved "https://registry.npmmirror.com/pnpm/-/pnpm-7.11.0.tgz#ae48bcb805080989f94fe5dca372013c9ae517e7"
  integrity sha512-cxh4TfCE8L4ZbLBN72kTGKTYP7X08nrIzoQ2rQCKihAcIHAdNIgsk4bEJyE1xHjE+bNJt9skwr7aJv3LpvUawQ==
